// !$*UTF8*$!
{
	archiveVersion = 1;
	classes = {
	};
	objectVersion = 46;
	objects = {

/* Begin PBXBuildFile section */
		04E211EC1C9537B00042B175 /* main.m in Sources */ = {isa = PBXBuildFile; fileRef = 04E211EB1C9537B00042B175 /* main.m */; };
		04E211EF1C9537B00042B175 /* AppDelegate.m in Sources */ = {isa = PBXBuildFile; fileRef = 04E211EE1C9537B00042B175 /* AppDelegate.m */; };
		04E211F21C9537B00042B175 /* ViewController.m in Sources */ = {isa = PBXBuildFile; fileRef = 04E211F11C9537B00042B175 /* ViewController.m */; };
		04E211F51C9537B00042B175 /* Main.storyboard in Resources */ = {isa = PBXBuildFile; fileRef = 04E211F31C9537B00042B175 /* Main.storyboard */; };
		04E211F71C9537B00042B175 /* Assets.xcassets in Resources */ = {isa = PBXBuildFile; fileRef = 04E211F61C9537B00042B175 /* Assets.xcassets */; };
		04E211FA1C9537B00042B175 /* LaunchScreen.storyboard in Resources */ = {isa = PBXBuildFile; fileRef = 04E211F81C9537B00042B175 /* LaunchScreen.storyboard */; };
		04E212041C9540F60042B175 /* XLPlainFlowLayout.m in Sources */ = {isa = PBXBuildFile; fileRef = 04E212031C9540F60042B175 /* XLPlainFlowLayout.m */; };
		04E212071C954DCE0042B175 /* TableViewController.m in Sources */ = {isa = PBXBuildFile; fileRef = 04E212061C954DCE0042B175 /* TableViewController.m */; };
/* End PBXBuildFile section */

/* Begin PBXFileReference section */
		04E211E71C9537AF0042B175 /* CollectionView_Layout.app */ = {isa = PBXFileReference; explicitFileType = wrapper.application; includeInIndex = 0; path = CollectionView_Layout.app; sourceTree = BUILT_PRODUCTS_DIR; };
		04E211EB1C9537B00042B175 /* main.m */ = {isa = PBXFileReference; lastKnownFileType = sourcecode.c.objc; path = main.m; sourceTree = "<group>"; };
		04E211ED1C9537B00042B175 /* AppDelegate.h */ = {isa = PBXFileReference; lastKnownFileType = sourcecode.c.h; path = AppDelegate.h; sourceTree = "<group>"; };
		04E211EE1C9537B00042B175 /* AppDelegate.m */ = {isa = PBXFileReference; lastKnownFileType = sourcecode.c.objc; path = AppDelegate.m; sourceTree = "<group>"; };
		04E211F01C9537B00042B175 /* ViewController.h */ = {isa = PBXFileReference; lastKnownFileType = sourcecode.c.h; path = ViewController.h; sourceTree = "<group>"; };
		04E211F11C9537B00042B175 /* ViewController.m */ = {isa = PBXFileReference; lastKnownFileType = sourcecode.c.objc; path = ViewController.m; sourceTree = "<group>"; };
		04E211F41C9537B00042B175 /* Base */ = {isa = PBXFileReference; lastKnownFileType = file.storyboard; name = Base; path = Base.lproj/Main.storyboard; sourceTree = "<group>"; };
		04E211F61C9537B00042B175 /* Assets.xcassets */ = {isa = PBXFileReference; lastKnownFileType = folder.assetcatalog; path = Assets.xcassets; sourceTree = "<group>"; };
		04E211F91C9537B00042B175 /* Base */ = {isa = PBXFileReference; lastKnownFileType = file.storyboard; name = Base; path = Base.lproj/LaunchScreen.storyboard; sourceTree = "<group>"; };
		04E211FB1C9537B00042B175 /* Info.plist */ = {isa = PBXFileReference; lastKnownFileType = text.plist.xml; path = Info.plist; sourceTree = "<group>"; };
		04E212021C9540F60042B175 /* XLPlainFlowLayout.h */ = {isa = PBXFileReference; fileEncoding = 4; lastKnownFileType = sourcecode.c.h; path = XLPlainFlowLayout.h; sourceTree = "<group>"; };
		04E212031C9540F60042B175 /* XLPlainFlowLayout.m */ = {isa = PBXFileReference; fileEncoding = 4; lastKnownFileType = sourcecode.c.objc; path = XLPlainFlowLayout.m; sourceTree = "<group>"; };
		04E212051C954DCE0042B175 /* TableViewController.h */ = {isa = PBXFileReference; fileEncoding = 4; lastKnownFileType = sourcecode.c.h; path = TableViewController.h; sourceTree = "<group>"; };
		04E212061C954DCE0042B175 /* TableViewController.m */ = {isa = PBXFileReference; fileEncoding = 4; lastKnownFileType = sourcecode.c.objc; path = TableViewController.m; sourceTree = "<group>"; };
/* End PBXFileReference section */

/* Begin PBXFrameworksBuildPhase section */
		04E211E41C9537AF0042B175 /* Frameworks */ = {
			isa = PBXFrameworksBuildPhase;
			buildActionMask = 2147483647;
			files = (
			);
			runOnlyForDeploymentPostprocessing = 0;
		};
/* End PBXFrameworksBuildPhase section */

/* Begin PBXGroup section */
		04E211DE1C9537AE0042B175 = {
			isa = PBXGroup;
			children = (
				04E211E91C9537AF0042B175 /* CollectionView_Layout */,
				04E211E81C9537AF0042B175 /* Products */,
			);
			sourceTree = "<group>";
		};
		04E211E81C9537AF0042B175 /* Products */ = {
			isa = PBXGroup;
			children = (
				04E211E71C9537AF0042B175 /* CollectionView_Layout.app */,
			);
			name = Products;
			sourceTree = "<group>";
		};
		04E211E91C9537AF0042B175 /* CollectionView_Layout */ = {
			isa = PBXGroup;
			children = (
				04E212011C9540F60042B175 /* XLPlainFlowLayout */,
				04E211ED1C9537B00042B175 /* AppDelegate.h */,
				04E211EE1C9537B00042B175 /* AppDelegate.m */,
				04E211F01C9537B00042B175 /* ViewController.h */,
				04E211F11C9537B00042B175 /* ViewController.m */,
				04E211F31C9537B00042B175 /* Main.storyboard */,
				04E212051C954DCE0042B175 /* TableViewController.h */,
				04E212061C954DCE0042B175 /* TableViewController.m */,
				04E211F61C9537B00042B175 /* Assets.xcassets */,
				04E211F81C9537B00042B175 /* LaunchScreen.storyboard */,
				04E211FB1C9537B00042B175 /* Info.plist */,
				04E211EA1C9537AF0042B175 /* Supporting Files */,
			);
			path = CollectionView_Layout;
			sourceTree = "<group>";
		};
		04E211EA1C9537AF0042B175 /* Supporting Files */ = {
			isa = PBXGroup;
			children = (
				04E211EB1C9537B00042B175 /* main.m */,
			);
			name = "Supporting Files";
			sourceTree = "<group>";
		};
		04E212011C9540F60042B175 /* XLPlainFlowLayout */ = {
			isa = PBXGroup;
			children = (
				04E212021C9540F60042B175 /* XLPlainFlowLayout.h */,
				04E212031C9540F60042B175 /* XLPlainFlowLayout.m */,
			);
			path = XLPlainFlowLayout;
			sourceTree = "<group>";
		};
/* End PBXGroup section */

/* Begin PBXNativeTarget section */
		04E211E61C9537AF0042B175 /* CollectionView_Layout */ = {
			isa = PBXNativeTarget;
			buildConfigurationList = 04E211FE1C9537B10042B175 /* Build configuration list for PBXNativeTarget "CollectionView_Layout" */;
			buildPhases = (
				04E211E31C9537AF0042B175 /* Sources */,
				04E211E41C9537AF0042B175 /* Frameworks */,
				04E211E51C9537AF0042B175 /* Resources */,
			);
			buildRules = (
			);
			dependencies = (
			);
			name = CollectionView_Layout;
			productName = CollectionView_Layout;
			productReference = 04E211E71C9537AF0042B175 /* CollectionView_Layout.app */;
			productType = "com.apple.product-type.application";
		};
/* End PBXNativeTarget section */

/* Begin PBXProject section */
		04E211DF1C9537AE0042B175 /* Project object */ = {
			isa = PBXProject;
			attributes = {
				LastUpgradeCheck = 0720;
				ORGANIZATIONNAME = LS;
				TargetAttributes = {
					04E211E61C9537AF0042B175 = {
						CreatedOnToolsVersion = 7.2;
					};
				};
			};
			buildConfigurationList = 04E211E21C9537AE0042B175 /* Build configuration list for PBXProject "CollectionView_Layout" */;
			compatibilityVersion = "Xcode 3.2";
			developmentRegion = English;
			hasScannedForEncodings = 0;
			knownRegions = (
				en,
				Base,
			);
			mainGroup = 04E211DE1C9537AE0042B175;
			productRefGroup = 04E211E81C9537AF0042B175 /* Products */;
			projectDirPath = "";
			projectRoot = "";
			targets = (
				04E211E61C9537AF0042B175 /* CollectionView_Layout */,
			);
		};
/* End PBXProject section */

/* Begin PBXResourcesBuildPhase section */
		04E211E51C9537AF0042B175 /* Resources */ = {
			isa = PBXResourcesBuildPhase;
			buildActionMask = 2147483647;
			files = (
				04E211FA1C9537B00042B175 /* LaunchScreen.storyboard in Resources */,
				04E211F71C9537B00042B175 /* Assets.xcassets in Resources */,
				04E211F51C9537B00042B175 /* Main.storyboard in Resources */,
			);
			runOnlyForDeploymentPostprocessing = 0;
		};
/* End PBXResourcesBuildPhase section */

/* Begin PBXSourcesBuildPhase section */
		04E211E31C9537AF0042B175 /* Sources */ = {
			isa = PBXSourcesBuildPhase;
			buildActionMask = 2147483647;
			files = (
				04E212041C9540F60042B175 /* XLPlainFlowLayout.m in Sources */,
				04E211F21C9537B00042B175 /* ViewController.m in Sources */,
				04E211EF1C9537B00042B175 /* AppDelegate.m in Sources */,
				04E212071C954DCE0042B175 /* TableViewController.m in Sources */,
				04E211EC1C9537B00042B175 /* main.m in Sources */,
			);
			runOnlyForDeploymentPostprocessing = 0;
		};
/* End PBXSourcesBuildPhase section */

/* Begin PBXVariantGroup section */
		04E211F31C9537B00042B175 /* Main.storyboard */ = {
			isa = PBXVariantGroup;
			children = (
				04E211F41C9537B00042B175 /* Base */,
			);
			name = Main.storyboard;
			sourceTree = "<group>";
		};
		04E211F81C9537B00042B175 /* LaunchScreen.storyboard */ = {
			isa = PBXVariantGroup;
			children = (
				04E211F91C9537B00042B175 /* Base */,
			);
			name = LaunchScreen.storyboard;
			sourceTree = "<group>";
		};
/* End PBXVariantGroup section */

/* Begin XCBuildConfiguration section */
		04E211FC1C9537B00042B175 /* Debug */ = {
			isa = XCBuildConfiguration;
			buildSettings = {
				ALWAYS_SEARCH_USER_PATHS = NO;
				CLANG_CXX_LANGUAGE_STANDARD = "gnu++0x";
				CLANG_CXX_LIBRARY = "libc++";
				CLANG_ENABLE_MODULES = YES;
				CLANG_ENABLE_OBJC_ARC = YES;
				CLANG_WARN_BOOL_CONVERSION = YES;
				CLANG_WARN_CONSTANT_CONVERSION = YES;
				CLANG_WARN_DIRECT_OBJC_ISA_USAGE = YES_ERROR;
				CLANG_WARN_EMPTY_BODY = YES;
				CLANG_WARN_ENUM_CONVERSION = YES;
				CLANG_WARN_INT_CONVERSION = YES;
				CLANG_WARN_OBJC_ROOT_CLASS = YES_ERROR;
				CLANG_WARN_UNREACHABLE_CODE = YES;
				CLANG_WARN__DUPLICATE_METHOD_MATCH = YES;
				"CODE_SIGN_IDENTITY[sdk=iphoneos*]" = "iPhone Developer";
				COPY_PHASE_STRIP = NO;
				DEBUG_INFORMATION_FORMAT = dwarf;
				ENABLE_STRICT_OBJC_MSGSEND = YES;
				ENABLE_TESTABILITY = YES;
				GCC_C_LANGUAGE_STANDARD = gnu99;
				GCC_DYNAMIC_NO_PIC = NO;
				GCC_NO_COMMON_BLOCKS = YES;
				GCC_OPTIMIZATION_LEVEL = 0;
				GCC_PREPROCESSOR_DEFINITIONS = (
					"DEBUG=1",
					"$(inherited)",
				);
				GCC_WARN_64_TO_32_BIT_CONVERSION = YES;
				GCC_WARN_ABOUT_RETURN_TYPE = YES_ERROR;
				GCC_WARN_UNDECLARED_SELECTOR = YES;
				GCC_WARN_UNINITIALIZED_AUTOS = YES_AGGRESSIVE;
				GCC_WARN_UNUSED_FUNCTION = YES;
				GCC_WARN_UNUSED_VARIABLE = YES;
				IPHONEOS_DEPLOYMENT_TARGET = 9.2;
				MTL_ENABLE_DEBUG_INFO = YES;
				ONLY_ACTIVE_ARCH = YES;
				SDKROOT = iphoneos;
			};
			name = Debug;
		};
		04E211FD1C9537B00042B175 /* Release */ = {
			isa = XCBuildConfiguration;
			buildSettings = {
				ALWAYS_SEARCH_USER_PATHS = NO;
				CLANG_CXX_LANGUAGE_STANDARD = "gnu++0x";
				CLANG_CXX_LIBRARY = "libc++";
				CLANG_ENABLE_MODULES = YES;
				CLANG_ENABLE_OBJC_ARC = YES;
				CLANG_WARN_BOOL_CONVERSION = YES;
				CLANG_WARN_CONSTANT_CONVERSION = YES;
				CLANG_WARN_DIRECT_OBJC_ISA_USAGE = YES_ERROR;
				CLANG_WARN_EMPTY_BODY = YES;
				CLANG_WARN_ENUM_CONVERSION = YES;
				CLANG_WARN_INT_CONVERSION = YES;
				CLANG_WARN_OBJC_ROOT_CLASS = YES_ERROR;
				CLANG_WARN_UNREACHABLE_CODE = YES;
				CLANG_WARN__DUPLICATE_METHOD_MATCH = YES;
				"CODE_SIGN_IDENTITY[sdk=iphoneos*]" = "iPhone Developer";
				COPY_PHASE_STRIP = NO;
				DEBUG_INFORMATION_FORMAT = "dwarf-with-dsym";
				ENABLE_NS_ASSERTIONS = NO;
				ENABLE_STRICT_OBJC_MSGSEND = YES;
				GCC_C_LANGUAGE_STANDARD = gnu99;
				GCC_NO_COMMON_BLOCKS = YES;
				GCC_WARN_64_TO_32_BIT_CONVERSION = YES;
				GCC_WARN_ABOUT_RETURN_TYPE = YES_ERROR;
				GCC_WARN_UNDECLARED_SELECTOR = YES;
				GCC_WARN_UNINITIALIZED_AUTOS = YES_AGGRESSIVE;
				GCC_WARN_UNUSED_FUNCTION = YES;
				GCC_WARN_UNUSED_VARIABLE = YES;
				IPHONEOS_DEPLOYMENT_TARGET = 9.2;
				MTL_ENABLE_DEBUG_INFO = NO;
				SDKROOT = iphoneos;
				VALIDATE_PRODUCT = YES;
			};
			name = Release;
		};
		04E211FF1C9537B10042B175 /* Debug */ = {
			isa = XCBuildConfiguration;
			buildSettings = {
				ASSETCATALOG_COMPILER_APPICON_NAME = AppIcon;
				INFOPLIST_FILE = CollectionView_Layout/Info.plist;
				LD_RUNPATH_SEARCH_PATHS = "$(inherited) @executable_path/Frameworks";
				PRODUCT_BUNDLE_IDENTIFIER = "com.zhiyou.www.CollectionView-Layout";
				PRODUCT_NAME = "$(TARGET_NAME)";
			};
			name = Debug;
		};
		04E212001C9537B10042B175 /* Release */ = {
			isa = XCBuildConfiguration;
			buildSettings = {
				ASSETCATALOG_COMPILER_APPICON_NAME = AppIcon;
				INFOPLIST_FILE = CollectionView_Layout/Info.plist;
				LD_RUNPATH_SEARCH_PATHS = "$(inherited) @executable_path/Frameworks";
				PRODUCT_BUNDLE_IDENTIFIER = "com.zhiyou.www.CollectionView-Layout";
				PRODUCT_NAME = "$(TARGET_NAME)";
			};
			name = Release;
		};
/* End XCBuildConfiguration section */

/* Begin XCConfigurationList section */
		04E211E21C9537AE0042B175 /* Build configuration list for PBXProject "CollectionView_Layout" */ = {
			isa = XCConfigurationList;
			buildConfigurations = (
				04E211FC1C9537B00042B175 /* Debug */,
				04E211FD1C9537B00042B175 /* Release */,
			);
			defaultConfigurationIsVisible = 0;
			defaultConfigurationName = Release;
		};
		04E211FE1C9537B10042B175 /* Build configuration list for PBXNativeTarget "CollectionView_Layout" */ = {
			isa = XCConfigurationList;
			buildConfigurations = (
				04E211FF1C9537B10042B175 /* Debug */,
				04E212001C9537B10042B175 /* Release */,
			);
			defaultConfigurationIsVisible = 0;
		};
/* End XCConfigurationList section */
	};
	rootObject = 04E211DF1C9537AE0042B175 /* Project object */;
}
